Microsoft Visual Studio Solution File, Format Version 12.00
# Visual Studio Version 17
VisualStudioVersion = 17.5.2.0
MinimumVisualStudioVersion = 10.0.40219.1
Project("{FAE04EC0-301F-11D3-BF4B-00C04F79EFBC}") = "gestor_inventario", "gestor_inventario.csproj", "{0533C131-6599-B6EC-72FA-ED88D832C6DF}"
EndProject
Global
	GlobalSection(SolutionConfigurationPlatforms) = preSolution
		Debug|Any CPU = Debug|Any CPU
		Release|Any CPU = Release|Any CPU
	EndGlobalSection
	GlobalSection(ProjectConfigurationPlatforms) = postSolution
		{0533C131-6599-B6EC-72FA-ED88D832C6DF}.Debug|Any CPU.ActiveCfg = Debug|Any CPU
		{0533C131-6599-B6EC-72FA-ED88D832C6DF}.Debug|Any CPU.Build.0 = Debug|Any CPU
		{0533C131-6599-B6EC-72FA-ED88D832C6DF}.Release|Any CPU.ActiveCfg = Release|Any CPU
		{0533C131-6599-B6EC-72FA-ED88D832C6DF}.Release|Any CPU.Build.0 = Release|Any CPU
	EndGlobalSection
	GlobalSection(SolutionProperties) = preSolution
		HideSolutionNode = FALSE
	EndGlobalSection
	GlobalSection(ExtensibilityGlobals) = postSolution
		SolutionGuid = {DEA4BF61-4464-42FC-9EEC-BADE579CE318}
	EndGlobalSection
EndGlobal
